
Microsoft Visual Studio Solution File, Format Version 12.00
# Visual Studio Version 17
VisualStudioVersion = 17.11.35327.3
MinimumVisualStudioVersion = 10.0.40219.1
Project("{9A19103F-16F7-4668-BE54-9A1E7A4F7556}") = "Parking Prague V1", "Parking Prague V1\Parking Prague V1.csproj", "{21E36E6D-AFA8-44D7-9DEE-CC13E37E4470}"
EndProject
Project("{9A19103F-16F7-4668-BE54-9A1E7A4F7556}") = "TestOne", "TestOne\TestOne.csproj", "{6E423DCE-9E36-452F-B8FA-9ECEC95D2FBC}"
EndProject
Project("{FAE04EC0-301F-11D3-BF4B-00C04F79EFBC}") = "vårproject", "vårproject\vårproject.csproj", "{F8D17918-7DBE-4C0F-A38F-8E66530A44C9}"
EndProject
Global
	GlobalSection(SolutionConfigurationPlatforms) = preSolution
		Debug|Any CPU = Debug|Any CPU
		Release|Any CPU = Release|Any CPU
	EndGlobalSection
	GlobalSection(ProjectConfigurationPlatforms) = postSolution
		{21E36E6D-AFA8-44D7-9DEE-CC13E37E4470}.Debug|Any CPU.ActiveCfg = Debug|Any CPU
		{21E36E6D-AFA8-44D7-9DEE-CC13E37E4470}.Debug|Any CPU.Build.0 = Debug|Any CPU
		{21E36E6D-AFA8-44D7-9DEE-CC13E37E4470}.Release|Any CPU.ActiveCfg = Release|Any CPU
		{21E36E6D-AFA8-44D7-9DEE-CC13E37E4470}.Release|Any CPU.Build.0 = Release|Any CPU
		{6E423DCE-9E36-452F-B8FA-9ECEC95D2FBC}.Debug|Any CPU.ActiveCfg = Debug|Any CPU
		{6E423DCE-9E36-452F-B8FA-9ECEC95D2FBC}.Debug|Any CPU.Build.0 = Debug|Any CPU
		{6E423DCE-9E36-452F-B8FA-9ECEC95D2FBC}.Release|Any CPU.ActiveCfg = Release|Any CPU
		{6E423DCE-9E36-452F-B8FA-9ECEC95D2FBC}.Release|Any CPU.Build.0 = Release|Any CPU
		{F8D17918-7DBE-4C0F-A38F-8E66530A44C9}.Debug|Any CPU.ActiveCfg = Debug|Any CPU
		{F8D17918-7DBE-4C0F-A38F-8E66530A44C9}.Debug|Any CPU.Build.0 = Debug|Any CPU
		{F8D17918-7DBE-4C0F-A38F-8E66530A44C9}.Release|Any CPU.ActiveCfg = Release|Any CPU
		{F8D17918-7DBE-4C0F-A38F-8E66530A44C9}.Release|Any CPU.Build.0 = Release|Any CPU
	EndGlobalSection
	GlobalSection(SolutionProperties) = preSolution
		HideSolutionNode = FALSE
	EndGlobalSection
	GlobalSection(ExtensibilityGlobals) = postSolution
		SolutionGuid = {AB9BAA6C-D7C1-428C-A3B2-899FEF4B3D34}
	EndGlobalSection
EndGlobal
